
Microsoft Visual Studio Solution File, Format Version 12.00
# Visual Studio Version 16
VisualStudioVersion = 16.0.29926.136
MinimumVisualStudioVersion = 10.0.40219.1
Project("{888888A0-9F3D-457C-B088-3A5042F75D52}") = "bruhv", "bruhv.pyproj", "{717406C0-68BE-47DB-9B94-E03DE9878C95}"
EndProject
Global
	GlobalSection(SolutionConfigurationPlatforms) = preSolution
		Debug|Any CPU = Debug|Any CPU
		Release|Any CPU = Release|Any CPU
	EndGlobalSection
	GlobalSection(ProjectConfigurationPlatforms) = postSolution
		{717406C0-68BE-47DB-9B94-E03DE9878C95}.Debug|Any CPU.ActiveCfg = Debug|Any CPU
		{717406C0-68BE-47DB-9B94-E03DE9878C95}.Release|Any CPU.ActiveCfg = Release|Any CPU
	EndGlobalSection
	GlobalSection(SolutionProperties) = preSolution
		HideSolutionNode = FALSE
	EndGlobalSection
	GlobalSection(ExtensibilityGlobals) = postSolution
		SolutionGuid = {7E3371A3-073E-4738-8CE7-DF03283D815C}
	EndGlobalSection
EndGlobal
